
Microsoft Visual Studio Solution File, Format Version 12.00
# Visual Studio Version 16
VisualStudioVersion = 16.0.31205.134
MinimumVisualStudioVersion = 10.0.40219.1
Project("{FAE04EC0-301F-11D3-BF4B-00C04F79EFBC}") = "FelixLinqLesson", "FelixLinqLesson\FelixLinqLesson.csproj", "{638ADD60-02B9-4692-849F-0CCA234F0CBD}"
EndProject
Project("{FAE04EC0-301F-11D3-BF4B-00C04F79EFBC}") = "FelixLinqLesson.Test", "FelixLinqLesson.Test\FelixLinqLesson.Test.csproj", "{2FECF886-A01A-4603-9EBF-D01CB91BF18C}"
EndProject
Global
	GlobalSection(SolutionConfigurationPlatforms) = preSolution
		Debug|Any CPU = Debug|Any CPU
		Release|Any CPU = Release|Any CPU
	EndGlobalSection
	GlobalSection(ProjectConfigurationPlatforms) = postSolution
		{638ADD60-02B9-4692-849F-0CCA234F0CBD}.Debug|Any CPU.ActiveCfg = Debug|Any CPU
		{638ADD60-02B9-4692-849F-0CCA234F0CBD}.Debug|Any CPU.Build.0 = Debug|Any CPU
		{638ADD60-02B9-4692-849F-0CCA234F0CBD}.Release|Any CPU.ActiveCfg = Release|Any CPU
		{638ADD60-02B9-4692-849F-0CCA234F0CBD}.Release|Any CPU.Build.0 = Release|Any CPU
		{2FECF886-A01A-4603-9EBF-D01CB91BF18C}.Debug|Any CPU.ActiveCfg = Debug|Any CPU
		{2FECF886-A01A-4603-9EBF-D01CB91BF18C}.Debug|Any CPU.Build.0 = Debug|Any CPU
		{2FECF886-A01A-4603-9EBF-D01CB91BF18C}.Release|Any CPU.ActiveCfg = Release|Any CPU
		{2FECF886-A01A-4603-9EBF-D01CB91BF18C}.Release|Any CPU.Build.0 = Release|Any CPU
	EndGlobalSection
	GlobalSection(SolutionProperties) = preSolution
		HideSolutionNode = FALSE
	EndGlobalSection
	GlobalSection(ExtensibilityGlobals) = postSolution
		SolutionGuid = {CD466050-7791-4520-9926-1EEEB3CE3A70}
	EndGlobalSection
EndGlobal
